
Microsoft Visual Studio Solution File, Format Version 12.00
# Visual Studio Version 17
VisualStudioVersion = 17.5.33627.172
MinimumVisualStudioVersion = 10.0.40219.1
Project("{FAE04EC0-301F-11D3-BF4B-00C04F79EFBC}") = "Laba", "Laba.csproj", "{CEF490B1-CB28-4890-A393-199749366CDF}"
EndProject
Global
	GlobalSection(SolutionConfigurationPlatforms) = preSolution
		Debug|Any CPU = Debug|Any CPU
		Release|Any CPU = Release|Any CPU
	EndGlobalSection
	GlobalSection(ProjectConfigurationPlatforms) = postSolution
		{CEF490B1-CB28-4890-A393-199749366CDF}.Debug|Any CPU.ActiveCfg = Debug|Any CPU
		{CEF490B1-CB28-4890-A393-199749366CDF}.Debug|Any CPU.Build.0 = Debug|Any CPU
		{CEF490B1-CB28-4890-A393-199749366CDF}.Release|Any CPU.ActiveCfg = Release|Any CPU
		{CEF490B1-CB28-4890-A393-199749366CDF}.Release|Any CPU.Build.0 = Release|Any CPU
	EndGlobalSection
	GlobalSection(SolutionProperties) = preSolution
		HideSolutionNode = FALSE
	EndGlobalSection
	GlobalSection(ExtensibilityGlobals) = postSolution
		SolutionGuid = {C062B990-58F6-4892-BA2C-268B04462DB5}
	EndGlobalSection
EndGlobal
